
Microsoft Visual Studio Solution File, Format Version 12.00
# Visual Studio Version 17
VisualStudioVersion = 17.0.31903.59
MinimumVisualStudioVersion = 10.0.40219.1
Project("{2150E333-8FDC-42A3-9474-1A3956D46DE8}") = "src", "src", "{01A4163E-2744-4779-96D0-3DE995F07797}"
EndProject
Project("{FAE04EC0-301F-11D3-BF4B-00C04F79EFBC}") = "ReviewCheck.Core", "src\ReviewCheck.Core\ReviewCheck.Core.csproj", "{5D487C3E-ADF2-4A0B-A1B4-7851857BB914}"
EndProject
Project("{2150E333-8FDC-42A3-9474-1A3956D46DE8}") = "tests", "tests", "{1F9E5F93-6C3E-44EA-B05E-EC5BBC625113}"
EndProject
Project("{FAE04EC0-301F-11D3-BF4B-00C04F79EFBC}") = "ReviewCheck.Core.Tests", "tests\ReviewCheck.Core.Tests\ReviewCheck.Core.Tests.csproj", "{9265A20C-ECFA-4281-94FB-C047F808C77C}"
EndProject
Project("{FAE04EC0-301F-11D3-BF4B-00C04F79EFBC}") = "ReviewCheck.Mcp", "src\ReviewCheck.Mcp\ReviewCheck.Mcp.csproj", "{01DBDEA5-F45F-48D7-B1E9-A800957CACEC}"
EndProject
Project("{FAE04EC0-301F-11D3-BF4B-00C04F79EFBC}") = "ReviewCheck.Mcp.Tests", "tests\ReviewCheck.Mcp.Tests\ReviewCheck.Mcp.Tests.csproj", "{C0C6C30A-7912-4202-8942-5A087CF98B3C}"
EndProject
Project("{FAE04EC0-301F-11D3-BF4B-00C04F79EFBC}") = "ReviewCheck.Session", "src\ReviewCheck.Session\ReviewCheck.Session.csproj", "{F56DA813-BEBC-4353-9714-8C03DB24CDB8}"
EndProject
Project("{FAE04EC0-301F-11D3-BF4B-00C04F79EFBC}") = "ReviewCheck.Session.Tests", "tests\ReviewCheck.Session.Tests\ReviewCheck.Session.Tests.csproj", "{6A15892F-C812-45F6-B86B-C11DBEE45FF1}"
EndProject
Project("{FAE04EC0-301F-11D3-BF4B-00C04F79EFBC}") = "ReviewCheck.Platform", "src\ReviewCheck.Platform\ReviewCheck.Platform.csproj", "{0CCD584A-6B30-4F28-8C96-B0064642B92F}"
EndProject
Project("{FAE04EC0-301F-11D3-BF4B-00C04F79EFBC}") = "ReviewCheck.Platform.Tests", "tests\ReviewCheck.Platform.Tests\ReviewCheck.Platform.Tests.csproj", "{6CCF9D03-A85D-4045-98C3-24056EEC72F2}"
EndProject
Project("{FAE04EC0-301F-11D3-BF4B-00C04F79EFBC}") = "ReviewCheck.Pipeline", "src\ReviewCheck.Pipeline\ReviewCheck.Pipeline.csproj", "{2615B381-32BD-4477-B7DF-0A8B34652163}"
EndProject
Project("{FAE04EC0-301F-11D3-BF4B-00C04F79EFBC}") = "ReviewCheck.Pipeline.Tests", "tests\ReviewCheck.Pipeline.Tests\ReviewCheck.Pipeline.Tests.csproj", "{C8965A27-2FC9-4CA7-B12A-6A02D662CA0E}"
EndProject
Global
	GlobalSection(SolutionConfigurationPlatforms) = preSolution
		Debug|Any CPU = Debug|Any CPU
		Release|Any CPU = Release|Any CPU
	EndGlobalSection
	GlobalSection(SolutionProperties) = preSolution
		HideSolutionNode = FALSE
	EndGlobalSection
	GlobalSection(ProjectConfigurationPlatforms) = postSolution
		{5D487C3E-ADF2-4A0B-A1B4-7851857BB914}.Debug|Any CPU.ActiveCfg = Debug|Any CPU
		{5D487C3E-ADF2-4A0B-A1B4-7851857BB914}.Debug|Any CPU.Build.0 = Debug|Any CPU
		{5D487C3E-ADF2-4A0B-A1B4-7851857BB914}.Release|Any CPU.ActiveCfg = Release|Any CPU
		{5D487C3E-ADF2-4A0B-A1B4-7851857BB914}.Release|Any CPU.Build.0 = Release|Any CPU
		{9265A20C-ECFA-4281-94FB-C047F808C77C}.Debug|Any CPU.ActiveCfg = Debug|Any CPU
		{9265A20C-ECFA-4281-94FB-C047F808C77C}.Debug|Any CPU.Build.0 = Debug|Any CPU
		{9265A20C-ECFA-4281-94FB-C047F808C77C}.Release|Any CPU.ActiveCfg = Release|Any CPU
		{9265A20C-ECFA-4281-94FB-C047F808C77C}.Release|Any CPU.Build.0 = Release|Any CPU
		{01DBDEA5-F45F-48D7-B1E9-A800957CACEC}.Debug|Any CPU.ActiveCfg = Debug|Any CPU
		{01DBDEA5-F45F-48D7-B1E9-A800957CACEC}.Debug|Any CPU.Build.0 = Debug|Any CPU
		{01DBDEA5-F45F-48D7-B1E9-A800957CACEC}.Release|Any CPU.ActiveCfg = Release|Any CPU
		{01DBDEA5-F45F-48D7-B1E9-A800957CACEC}.Release|Any CPU.Build.0 = Release|Any CPU
		{C0C6C30A-7912-4202-8942-5A087CF98B3C}.Debug|Any CPU.ActiveCfg = Debug|Any CPU
		{C0C6C30A-7912-4202-8942-5A087CF98B3C}.Debug|Any CPU.Build.0 = Debug|Any CPU
		{C0C6C30A-7912-4202-8942-5A087CF98B3C}.Release|Any CPU.ActiveCfg = Release|Any CPU
		{C0C6C30A-7912-4202-8942-5A087CF98B3C}.Release|Any CPU.Build.0 = Release|Any CPU
		{F56DA813-BEBC-4353-9714-8C03DB24CDB8}.Debug|Any CPU.ActiveCfg = Debug|Any CPU
		{F56DA813-BEBC-4353-9714-8C03DB24CDB8}.Debug|Any CPU.Build.0 = Debug|Any CPU
		{F56DA813-BEBC-4353-9714-8C03DB24CDB8}.Release|Any CPU.ActiveCfg = Release|Any CPU
		{F56DA813-BEBC-4353-9714-8C03DB24CDB8}.Release|Any CPU.Build.0 = Release|Any CPU
		{6A15892F-C812-45F6-B86B-C11DBEE45FF1}.Debug|Any CPU.ActiveCfg = Debug|Any CPU
		{6A15892F-C812-45F6-B86B-C11DBEE45FF1}.Debug|Any CPU.Build.0 = Debug|Any CPU
		{6A15892F-C812-45F6-B86B-C11DBEE45FF1}.Release|Any CPU.ActiveCfg = Release|Any CPU
		{6A15892F-C812-45F6-B86B-C11DBEE45FF1}.Release|Any CPU.Build.0 = Release|Any CPU
		{0CCD584A-6B30-4F28-8C96-B0064642B92F}.Debug|Any CPU.ActiveCfg = Debug|Any CPU
		{0CCD584A-6B30-4F28-8C96-B0064642B92F}.Debug|Any CPU.Build.0 = Debug|Any CPU
		{0CCD584A-6B30-4F28-8C96-B0064642B92F}.Release|Any CPU.ActiveCfg = Release|Any CPU
		{0CCD584A-6B30-4F28-8C96-B0064642B92F}.Release|Any CPU.Build.0 = Release|Any CPU
		{6CCF9D03-A85D-4045-98C3-24056EEC72F2}.Debug|Any CPU.ActiveCfg = Debug|Any CPU
		{6CCF9D03-A85D-4045-98C3-24056EEC72F2}.Debug|Any CPU.Build.0 = Debug|Any CPU
		{6CCF9D03-A85D-4045-98C3-24056EEC72F2}.Release|Any CPU.ActiveCfg = Release|Any CPU
		{6CCF9D03-A85D-4045-98C3-24056EEC72F2}.Release|Any CPU.Build.0 = Release|Any CPU
		{2615B381-32BD-4477-B7DF-0A8B34652163}.Debug|Any CPU.ActiveCfg = Debug|Any CPU
		{2615B381-32BD-4477-B7DF-0A8B34652163}.Debug|Any CPU.Build.0 = Debug|Any CPU
		{2615B381-32BD-4477-B7DF-0A8B34652163}.Release|Any CPU.ActiveCfg = Release|Any CPU
		{2615B381-32BD-4477-B7DF-0A8B34652163}.Release|Any CPU.Build.0 = Release|Any CPU
		{C8965A27-2FC9-4CA7-B12A-6A02D662CA0E}.Debug|Any CPU.ActiveCfg = Debug|Any CPU
		{C8965A27-2FC9-4CA7-B12A-6A02D662CA0E}.Debug|Any CPU.Build.0 = Debug|Any CPU
		{C8965A27-2FC9-4CA7-B12A-6A02D662CA0E}.Release|Any CPU.ActiveCfg = Release|Any CPU
		{C8965A27-2FC9-4CA7-B12A-6A02D662CA0E}.Release|Any CPU.Build.0 = Release|Any CPU
	EndGlobalSection
	GlobalSection(NestedProjects) = preSolution
		{5D487C3E-ADF2-4A0B-A1B4-7851857BB914} = {01A4163E-2744-4779-96D0-3DE995F07797}
		{9265A20C-ECFA-4281-94FB-C047F808C77C} = {1F9E5F93-6C3E-44EA-B05E-EC5BBC625113}
		{01DBDEA5-F45F-48D7-B1E9-A800957CACEC} = {01A4163E-2744-4779-96D0-3DE995F07797}
		{C0C6C30A-7912-4202-8942-5A087CF98B3C} = {1F9E5F93-6C3E-44EA-B05E-EC5BBC625113}
		{F56DA813-BEBC-4353-9714-8C03DB24CDB8} = {01A4163E-2744-4779-96D0-3DE995F07797}
		{6A15892F-C812-45F6-B86B-C11DBEE45FF1} = {1F9E5F93-6C3E-44EA-B05E-EC5BBC625113}
		{0CCD584A-6B30-4F28-8C96-B0064642B92F} = {01A4163E-2744-4779-96D0-3DE995F07797}
		{6CCF9D03-A85D-4045-98C3-24056EEC72F2} = {1F9E5F93-6C3E-44EA-B05E-EC5BBC625113}
		{2615B381-32BD-4477-B7DF-0A8B34652163} = {01A4163E-2744-4779-96D0-3DE995F07797}
		{C8965A27-2FC9-4CA7-B12A-6A02D662CA0E} = {1F9E5F93-6C3E-44EA-B05E-EC5BBC625113}
	EndGlobalSection
EndGlobal
